<?xml version="1.0" encoding="UTF-8" standalone="yes" ?>
<CodeBlocks_project_file>
	<FileVersion major="1" minor="6" />
	<Project>
		<Option title="3D-CMCC_Forest_Model" />
		<Option pch_mode="2" />
		<Option compiler="gcc" />
		<Build>
			<Target title="Debug">
				<Option output="bin/3D-CMCC_Forest_Model" prefix_auto="1" extension_auto="1" />
				<Option object_output="obj/" />
				<Option type="1" />
				<Option compiler="gcc" />
				<Option parameters="-i input -o output/output.txt -d input/1526_962_input.txt -m input/1526_962_2007.txt,input/1526_962_2008.txt -s input/site.txt -r 10" />
				<Compiler>
					<Add option="-g" />
				</Compiler>
			</Target>
		</Build>
		<Compiler>
			<Add option="-Wall" />
		</Compiler>
		<Unit filename="src/G-Function.c">
			<Option compilerVar="CC" />
		</Unit>
		<Unit filename="src/Makefile" />
		<Unit filename="src/allometry.c">
			<Option compilerVar="CC" />
		</Unit>
		<Unit filename="src/biomass_increment.c">
			<Option compilerVar="CC" />
		</Unit>
		<Unit filename="src/canopy_cover.c">
			<Option compilerVar="CC" />
		</Unit>
		<Unit filename="src/canopy_interception.c">
			<Option compilerVar="CC" />
		</Unit>
		<Unit filename="src/canopy_transpiration.c">
			<Option compilerVar="CC" />
		</Unit>
		<Unit filename="src/common.c">
			<Option compilerVar="CC" />
		</Unit>
		<Unit filename="src/common.h" />
		<Unit filename="src/compiler.h" />
		<Unit filename="src/crowding-competition.c">
			<Option compilerVar="CC" />
		</Unit>
		<Unit filename="src/dataset.c">
			<Option compilerVar="CC" />
		</Unit>
		<Unit filename="src/dendrometry.c">
			<Option compilerVar="CC" />
		</Unit>
		<Unit filename="src/establishment.c">
			<Option compilerVar="CC" />
		</Unit>
		<Unit filename="src/garbage.c">
			<Option compilerVar="CC" />
		</Unit>
		<Unit filename="src/lai.c">
			<Option compilerVar="CC" />
		</Unit>
		<Unit filename="src/light.c">
			<Option compilerVar="CC" />
		</Unit>
		<Unit filename="src/litterfall.c">
			<Option compilerVar="CC" />
		</Unit>
		<Unit filename="src/log.c">
			<Option compilerVar="CC" />
		</Unit>
		<Unit filename="src/main.c">
			<Option compilerVar="CC" />
		</Unit>
		<Unit filename="src/management.c">
			<Option compilerVar="CC" />
		</Unit>
		<Unit filename="src/matrix.c">
			<Option compilerVar="CC" />
		</Unit>
		<Unit filename="src/met_data.c">
			<Option compilerVar="CC" />
		</Unit>
		<Unit filename="src/modifiers.c">
			<Option compilerVar="CC" />
		</Unit>
		<Unit filename="src/monthly_partitioning-allocation.c">
			<Option compilerVar="CC" />
		</Unit>
		<Unit filename="src/mortality.c">
			<Option compilerVar="CC" />
		</Unit>
		<Unit filename="src/parameters.c">
			<Option compilerVar="CC" />
		</Unit>
		<Unit filename="src/partitioning-allocation.c">
			<Option compilerVar="CC" />
		</Unit>
		<Unit filename="src/peak_lai.c">
			<Option compilerVar="CC" />
		</Unit>
		<Unit filename="src/photosynthesis.c">
			<Option compilerVar="CC" />
		</Unit>
		<Unit filename="src/soil_evaporation.c">
			<Option compilerVar="CC" />
		</Unit>
		<Unit filename="src/sp_v_monthly_partitioning-allocation.c">
			<Option compilerVar="CC" />
		</Unit>
		<Unit filename="src/structure.c">
			<Option compilerVar="CC" />
		</Unit>
		<Unit filename="src/treemodel.c">
			<Option compilerVar="CC" />
		</Unit>
		<Unit filename="src/turnover.c">
			<Option compilerVar="CC" />
		</Unit>
		<Unit filename="src/types.h" />
		<Unit filename="src/utility.c">
			<Option compilerVar="CC" />
		</Unit>
		<Extensions>
			<code_completion />
			<debugger />
			<envvars />
		</Extensions>
	</Project>
</CodeBlocks_project_file>
